
Microsoft Visual Studio Solution File, Format Version 12.00
# Visual Studio 15
VisualStudioVersion = 15.0.28307.779
MinimumVisualStudioVersion = 10.0.40219.1
Project("{FAE04EC0-301F-11D3-BF4B-00C04F79EFBC}") = "ConAppPOST", "ConAppPOST\ConAppPOST.csproj", "{3EE09FAA-2F68-4F92-BDA5-F38C4DA6F10D}"
EndProject
Global
	GlobalSection(SolutionConfigurationPlatforms) = preSolution
		Debug|Any CPU = Debug|Any CPU
		Release|Any CPU = Release|Any CPU
	EndGlobalSection
	GlobalSection(ProjectConfigurationPlatforms) = postSolution
		{3EE09FAA-2F68-4F92-BDA5-F38C4DA6F10D}.Debug|Any CPU.ActiveCfg = Debug|Any CPU
		{3EE09FAA-2F68-4F92-BDA5-F38C4DA6F10D}.Debug|Any CPU.Build.0 = Debug|Any CPU
		{3EE09FAA-2F68-4F92-BDA5-F38C4DA6F10D}.Release|Any CPU.ActiveCfg = Release|Any CPU
		{3EE09FAA-2F68-4F92-BDA5-F38C4DA6F10D}.Release|Any CPU.Build.0 = Release|Any CPU
	EndGlobalSection
	GlobalSection(SolutionProperties) = preSolution
		HideSolutionNode = FALSE
	EndGlobalSection
	GlobalSection(ExtensibilityGlobals) = postSolution
		SolutionGuid = {B26C1142-CBFA-4E94-B99E-8129EC99CC18}
	EndGlobalSection
	GlobalSection(TeamFoundationVersionControl) = preSolution
		SccNumberOfProjects = 2
		SccEnterpriseProvider = {4CA58AB2-18FA-4F8D-95D4-32DDF27D184C}
		SccTeamFoundationServer = https://chanmmn.visualstudio.com/
		SccLocalPath0 = .
		SccProjectUniqueName1 = ConAppPOST\\ConAppPOST.csproj
		SccProjectName1 = ConAppPOST
		SccLocalPath1 = ConAppPOST
	EndGlobalSection
EndGlobal
